PackratFormat: 1.4
PackratVersion: 0.5.0.5
RVersion: 3.5.1
Repos: BioCsoft=https://bioconductor.org/packages/3.8/bioc,
    BioCann=https://bioconductor.org/packages/3.8/data/annotation,
    BioCexp=https://bioconductor.org/packages/3.8/data/experiment,
    BioCworkflows=https://bioconductor.org/packages/3.8/workflows,
    CRAN=https://ftp.fau.de/cran/

Package: BBmisc
Source: CRAN
Version: 1.11
Hash: 206dc4d65d08f491910f8837b50214ec
Requires: checkmate

Package: BH
Source: CRAN
Version: 1.66.0-1
Hash: 4cc8883584b955ed01f38f68bc03af6d

Package: BiocGenerics
Source: Bioconductor
Version: 0.28.0
Hash: adb2b2b75a0043b9a2098354e9acb5fe

Package: BiocManager
Source: CRAN
Version: 1.30.4
Hash: 355639afbcb951bf238be84a81bb5b20

Package: BiocVersion
Source: Bioconductor
Version: 3.8.0
Hash: 761d981e13b5100ec443b88b99ec5630

Package: Cairo
Source: CRAN
Version: 1.5-9
Hash: 6acb4ad0cff51c9f8148e344db173f70

Package: CodeDepends
Source: CRAN
Version: 0.6.5
Hash: 3cd543f853b0a93756068173cd344d60
Requires: XML, graph

Package: DBI
Source: CRAN
Version: 1.0.0
Hash: 6abedd7919c4457604c0aa44529a6683

Package: DT
Source: CRAN
Version: 0.5
Hash: 5f563b2647721daf61a7559e80fa7dda
Requires: crosstalk, htmltools, htmlwidgets, magrittr, promises

Package: DiceKriging
Source: CRAN
Version: 1.5.6
Hash: 11d1649d331b83f44076c5b89d157e7e

Package: FNN
Source: CRAN
Version: 1.1
Hash: c057509dc46a5303c20514f256f79a5e

Package: Formula
Source: CRAN
Version: 1.2-3
Hash: 9772da3bc51603a19a2b75f008fd63e3

Package: GREA
Source: github
Version: 1.0
Hash: 761c5151ab16a5fa04824133b530bab8
Requires: DT, R.matlab, miniUI, rio, rstudioapi, shiny
GithubRepo: GREA
GithubUsername: Stan125
GithubRef: master
GithubSha1: 1a4695bce2233759298e4b831b48983996f6f5e1
RemoteHost: api.github.com
RemoteRepo: GREA
RemoteUsername: Stan125
RemoteRef: master
RemoteSha: 1a4695bce2233759298e4b831b48983996f6f5e1

Package: GSIF
Source: CRAN
Version: 0.5-5
Hash: 4a87a0bf3d8730fa3daea4deb2fa2a28
Requires: RSAGA, aqp, dismo, gstat, plotKML, plyr, raster, rgdal,
    scales, sp

Package: Hmisc
Source: CRAN
Version: 4.2-0
Hash: 785fae3e102162232f1c8934b9f7725b
Requires: Formula, acepack, base64enc, data.table, foreign, ggplot2,
    gridExtra, gtable, htmlTable, htmltools, lattice, latticeExtra,
    viridis

Package: LearnBayes
Source: CRAN
Version: 2.15.1
Hash: 3b27dfb2be0d5bf10a8842bb7b0a19db

Package: MASS
Source: CRAN
Version: 7.3-50
Hash: e8001243da35880bd81391d80eb4eeae

Package: Matrix
Source: CRAN
Version: 1.2-14
Hash: 521aa8772a1941dfdb007bf532d19dde
Requires: lattice

Package: ParamHelpers
Source: CRAN
Version: 1.11
Hash: b9f3ce2343e0574e9304d3678c692f38
Requires: BBmisc, backports, checkmate, fastmatch

Package: R.matlab
Source: CRAN
Version: 3.6.2
Hash: edc4e0d064cd093c8e59304f253fa9f2
Requires: R.methodsS3, R.oo, R.utils

Package: R.methodsS3
Source: CRAN
Version: 1.7.1
Hash: 99f841ba1614c005e6672c5fb01b352a

Package: R.oo
Source: CRAN
Version: 1.22.0
Hash: c37ded09136c4ae98b9c73cf42dee3c8
Requires: R.methodsS3

Package: R.utils
Source: CRAN
Version: 2.7.0
Hash: 9f29899983c73318af90c97bca2e22ab
Requires: R.methodsS3, R.oo

Package: R6
Source: CRAN
Version: 2.2.2
Hash: b2366cd9d2f3851a5704b4e192b985c2

Package: RApiDatetime
Source: CRAN
Version: 0.0.4
Hash: fe7835da41d82d9b6d24842f313beeb7

Package: RColorBrewer
Source: CRAN
Version: 1.1-2
Hash: c0d56cd15034f395874c870141870c25

Package: RJSONIO
Source: CRAN
Version: 1.3-1.1
Hash: b822a1c716af0ff7b4f8cdf7287dca14

Package: RSAGA
Source: CRAN
Version: 1.3.0
Hash: 113c288e9f634a9d3f76ae39924df608
Requires: gstat, magrittr, plyr, rgdal, shapefiles, stringr

Package: RSQLite
Source: CRAN
Version: 2.1.1
Hash: ac9f9b0549ff03717259c309c668ba97
Requires: BH, DBI, Rcpp, bit64, blob, memoise, pkgconfig, plogr

Package: Rcpp
Source: CRAN
Version: 1.0.0
Hash: c7273c0f0bc9f5e41f4c52a8cf571f0f

Package: RcppArmadillo
Source: CRAN
Version: 0.9.200.5.0
Hash: 01b5e51dcb4efabc6bcdc92a5756921a
Requires: Rcpp

Package: RcppEigen
Source: CRAN
Version: 0.3.3.5.0
Hash: 92d40b66f5887ac67e1acf8419df54ab
Requires: Matrix, Rcpp

Package: Rttf2pt1
Source: CRAN
Version: 1.3.7
Hash: 06f150e8215a48e4f5741ae53eab3947

Package: XML
Source: CRAN
Version: 3.98-1.16
Hash: 52b8f335b145afc4bccb7fe8122b89c0

Package: abind
Source: CRAN
Version: 1.4-5
Hash: 1ceb86ef5ebe776ed4753ab6165eb6d7

Package: acepack
Source: CRAN
Version: 1.4.1
Hash: 5ed3b04bc1fa1a934188fc6022d3ba7c

Package: addinslist
Source: CRAN
Version: 0.2
Hash: 87f13b1d7bb02fef1c734a1e96182798
Requires: DT, curl, devtools, miniUI, rappdirs, rmarkdown, rvest,
    shiny, shinyjs, xml2

Package: anytime
Source: CRAN
Version: 0.3.3
Hash: 3a69382d876ac9535f2daad14807f7ed
Requires: BH, RApiDatetime, Rcpp

Package: aqp
Source: CRAN
Version: 1.17
Hash: ac5d989ec81faa75ac6a2816038d9a32
Requires: Hmisc, MASS, RColorBrewer, digest, lattice, plotrix, plyr,
    reshape, scales, sp, stringr

Package: askpass
Source: CRAN
Version: 1.1
Hash: 6f6c430e3cd0dd7d48f447700f4d7e7f
Requires: sys

Package: assertthat
Source: CRAN
Version: 0.2.0
Hash: e8805df54c65ac96d50235c44a82615c

Package: backports
Source: CRAN
Version: 1.1.2
Hash: 5ae7b3466e529e4400951ca18c137e40

Package: base64enc
Source: CRAN
Version: 0.1-3
Hash: c590d29e555926af053055e23ee79efb

Package: base64url
Source: CRAN
Version: 1.4
Hash: bb0bed97e10d3479d02264fa87bf061a
Requires: backports

Package: bindr
Source: CRAN
Version: 0.1.1
Hash: 76578c5f543a6ecbc1365d6445f9ebf7

Package: bindrcpp
Source: CRAN
Version: 0.2.2
Hash: 8ce499301f0dc5c7ff69f0b42e33f5c1
Requires: Rcpp, bindr, plogr

Package: bit
Source: CRAN
Version: 1.1-14
Hash: 704eb98fa9be263c95d00df4b2a448dd

Package: bit64
Source: CRAN
Version: 0.9-7
Hash: 4b195615d19ba49c114eb04e09e30a96
Requires: bit

Package: blob
Source: CRAN
Version: 1.1.1
Hash: 532700d8073e660dce40a984900bc647
Requires: prettyunits

Package: boot
Source: CRAN
Version: 1.3-20
Hash: 1d661b615b3f5c3f7d0ea02fcf658c02

Package: brew
Source: CRAN
Version: 1.0-6
Hash: 931f9972deae0f205e1c78a51f33149b

Package: broom
Source: CRAN
Version: 0.5.1
Hash: f170bc989c523e039487511e87c1854f
Requires: backports, dplyr, generics, nlme, purrr, reshape2, stringr,
    tibble, tidyr

Package: callr
Source: CRAN
Version: 3.1.0
Hash: 34cc5b54071ba40d6f3071338b3e8ae3
Requires: R6, processx

Package: cellranger
Source: CRAN
Version: 1.1.0
Hash: be9d203e7849f73818b36f93e9273c2c
Requires: rematch, tibble

Package: checkmate
Source: CRAN
Version: 1.8.5
Hash: e1bbc5228ab3da931a099208bc95ad23
Requires: backports

Package: classInt
Source: CRAN
Version: 0.2-3
Hash: 91d22562546f4334c528f4888f76641b
Requires: e1071, spData

Package: cli
Source: CRAN
Version: 1.1.0
Hash: bc4e54014c2049f2605ad0c3ba0cce6b
Requires: assertthat, crayon

Package: clipr
Source: CRAN
Version: 0.4.1
Hash: caf20ae357bfa2ed50e0e7db267f69ce

Package: clisymbols
Source: CRAN
Version: 1.2.0
Hash: a76a309884277a4fd8a5d741965fbef5

Package: clustermq
Source: CRAN
Version: 0.8.8
Hash: 587c81256ffbac54f547b2df55d95001
Requires: R6, narray, progress, purrr, rzmq

Package: coda
Source: CRAN
Version: 0.19-1
Hash: e5aff7792ef292cd4306e58e25e403fe
Requires: lattice

Package: colorRamps
Source: CRAN
Version: 2.3
Hash: d96002cc5a5865a552486c392e39f5ed

Package: colorout
Source: github
Version: 1.2-0
Hash: f95b28dfa89c4c056286f0ae3d83fa8c
GithubRepo: colorout
GithubUsername: jalvesaq
GithubRef: master
GithubSha1: cc5fbfa1f165bd4762588b463157a2688b116c5f

Package: colorspace
Source: CRAN
Version: 1.3-2
Hash: 0bf8618b585fa98eb23414cd3ab95118

Package: colourpicker
Source: CRAN
Version: 1.0
Hash: eeabe1a468bdf15e9001a6cecbd56013
Requires: ggplot2, htmltools, htmlwidgets, jsonlite, miniUI, shiny,
    shinyjs

Package: commonmark
Source: CRAN
Version: 1.7
Hash: 77f4ba718e2bad1877ef26e48cf8fa43

Package: cowplot
Source: CRAN
Version: 0.9.3
Hash: c9b93ad25628bdaf66e7a53b4ebe5510
Requires: ggplot2, gtable, plyr, scales

Package: crayon
Source: CRAN
Version: 1.3.4
Hash: ff2840dd9b0d563fc80377a5a45510cd

Package: crosstalk
Source: CRAN
Version: 1.0.0
Hash: c13adea5906fbe2becfcb5f843b26749
Requires: R6, ggplot2, htmltools, jsonlite, lazyeval, shiny

Package: curl
Source: CRAN
Version: 3.2
Hash: 82a7cf5bb702ef52329b6d23ea6132a7

Package: data.table
Source: CRAN
Version: 1.11.8
Hash: 67c877937c790a0cadb71284febb6b34

Package: datapasta
Source: CRAN
Version: 3.0.0
Hash: 053511aa0e70b9bfc4a640a5af05f983
Requires: clipr, readr, rstudioapi

Package: debugme
Source: CRAN
Version: 1.1.0
Hash: c233690edd9fa17a63f7c8d83c1ca153
Requires: crayon

Package: deldir
Source: CRAN
Version: 0.1-15
Hash: 2abaf72207c1e88264f8067d6a50b7b6

Package: desc
Source: CRAN
Version: 1.2.0
Hash: a0a3ca939997679a52816bae4ed6aaae
Requires: R6, assertthat, crayon, rprojroot

Package: devtools
Source: CRAN
Version: 2.0.1
Hash: 4da83470ae57bd2db0ac06e91b1d3a08
Requires: callr, cli, digest, git2r, httr, jsonlite, memoise, pkgbuild,
    pkgload, rcmdcheck, remotes, rstudioapi, sessioninfo, usethis,
    withr

Package: dichromat
Source: CRAN
Version: 2.0-0
Hash: 08eed0c80510af29bb15f840ccfe37ce

Package: digest
Source: CRAN
Version: 0.6.15
Hash: 1f202ebd812ac7192be3739245746a13

Package: dismo
Source: CRAN
Version: 1.1-4
Hash: 0d86f3c4674528fb475c104b458a0b31
Requires: raster, sp

Package: dplyr
Source: CRAN
Version: 0.8.0.1
Hash: 527bf7f3066c778a86d4e000ed47b68b
Requires: BH, R6, Rcpp, assertthat, glue, magrittr, pkgconfig, plogr,
    rlang, tibble, tidyselect

Package: drake
Source: CRAN
Version: 7.7.0
Hash: 5fc46e40b4557ad3b0e8986a60db0199
Requires: base64url, digest, igraph, rlang, storr, txtq

Package: e1071
Source: CRAN
Version: 1.7-0
Hash: 54c6b974d385e3c0961eb4cefc9ea0c5

Package: ellipsis
Source: CRAN
Version: 0.1.0
Hash: 0b5710f4cb576ada4c0449fbb62fd5ee

Package: evaluate
Source: CRAN
Version: 0.13
Hash: 1853557a0ea0db2daebf597c7ce58d70

Package: expm
Source: CRAN
Version: 0.999-2
Hash: e8f4ac7e9f15ec8b84b4f7ee5ab3104f
Requires: Matrix

Package: extrafont
Source: CRAN
Version: 0.17
Hash: d9555d8cfe70b3372d066648400770b5
Requires: Rttf2pt1, extrafontdb

Package: extrafontdb
Source: CRAN
Version: 1.0
Hash: 72269616f582dc675c90ecd025af2754

Package: fansi
Source: CRAN
Version: 0.4.0
Hash: f147621f72b561485bfffcae78c4f5d5

Package: fastmatch
Source: CRAN
Version: 1.1-0
Hash: 932691e01f5e2d6de914fd4b847f37c8

Package: filelock
Source: CRAN
Version: 1.0.2
Hash: 97adcbe3b816f81113e84168d06746d8

Package: forcats
Source: CRAN
Version: 0.3.0
Hash: 770f3834b97a2c429bdecb7a5f27eb25
Requires: magrittr, rlang, tibble

Package: foreign
Source: CRAN
Version: 0.8-71
Hash: ab59ff4cad00d4621acb535dae2c6410

Package: formatR
Source: CRAN
Version: 1.5
Hash: 258cf79a8dbeedf1c981cdb53837d2af

Package: fs
Source: CRAN
Version: 1.2.6
Hash: 8ffb8b293a18e26e435465307cc47f75
Requires: Rcpp

Package: furrr
Source: github
Version: 0.1.0.9002
Hash: 9d348763600464838213da6768f9edc1
Requires: future, globals, purrr, rlang
GithubRepo: furrr
GithubUsername: DavisVaughan
GithubRef: master
GithubSha1: b4ad6addda5cb2fab4baf51434bdacf7a75a94ad
RemoteHost: api.github.com
RemoteRepo: furrr
RemoteUsername: DavisVaughan
RemoteRef: master
RemoteSha: b4ad6addda5cb2fab4baf51434bdacf7a75a94ad

Package: futile.logger
Source: CRAN
Version: 1.4.3
Hash: d1cc6584b39f2c4cfbe377fd94cbdbaa
Requires: futile.options, lambda.r

Package: futile.options
Source: CRAN
Version: 1.0.1
Hash: c5a7e0ce07509a8561881c8860270d71

Package: future
Source: CRAN
Version: 1.11.1.1
Hash: a677ff6e24da147fab3db3d6733b8b39
Requires: digest, globals, listenv

Package: future.callr
Source: CRAN
Version: 0.4.0
Hash: 2633589d0a06b5097ffc2e3082b68c28
Requires: callr, future

Package: gbm
Source: CRAN
Version: 2.1.5
Hash: 0223f3f2a787336f61535d494a55ba23
Requires: gridExtra, lattice

Package: gdata
Source: CRAN
Version: 2.18.0
Hash: f4fdf56bd81ae3e1d42379678b472a34
Requires: gtools

Package: gdtools
Source: CRAN
Version: 0.1.7
Hash: 1eeaaf1e713639c5b49966e6be4856ef
Requires: Rcpp, withr

Package: generics
Source: CRAN
Version: 0.0.2
Hash: 4aaf002dd434e8c854611c5d11a1d58e

Package: getPass
Source: CRAN
Version: 0.2-2
Hash: 0000fb79893c1b2c226fa79f6b2e60f2
Requires: rstudioapi

Package: ggExtra
Source: CRAN
Version: 0.8
Hash: 8dbc79c1a920c06bb914fd78f78ae05b
Requires: colourpicker, ggplot2, gtable, miniUI, scales, shiny, shinyjs

Package: ggplot2
Source: CRAN
Version: 3.0.0
Hash: 8332448b76ff31472a1bf6dd31fcddb1
Requires: MASS, digest, gtable, lazyeval, mgcv, plyr, reshape2, rlang,
    scales, tibble, viridisLite, withr

Package: ggpubr
Source: CRAN
Version: 0.2
Hash: 4ef1d8f1726ecb694a0ee830f11dd92b
Requires: cowplot, dplyr, ggplot2, ggrepel, ggsci, ggsignif, glue,
    gridExtra, magrittr, polynom, purrr, scales, tidyr

Package: ggrepel
Source: CRAN
Version: 0.8.0
Hash: 20096a5e9c34eaf14728206fb326f8d9
Requires: Rcpp, ggplot2, scales

Package: ggsci
Source: CRAN
Version: 2.9
Hash: d8f7c2bc9631710ee2008fa5b5ff2c80
Requires: ggplot2, scales

Package: ggsignif
Source: CRAN
Version: 0.4.0
Hash: cc1fbfa133e09c7f6bcbe85ba5fd5f81
Requires: ggplot2

Package: ggspatial
Source: CRAN
Version: 1.0.3
Hash: 1c7921dd52ceae9338567d7b5284d77f
Requires: abind, ggplot2, plyr, raster, reshape2, rlang, rosm, scales,
    sf, tibble, tidyr

Package: gh
Source: CRAN
Version: 1.0.1
Hash: 3f8812accd1320227d744bca620e8c42
Requires: httr, ini, jsonlite

Package: git2r
Source: CRAN
Version: 0.23.0
Hash: ea0a8f265d61f9356d17fff4d9e1613b

Package: globals
Source: CRAN
Version: 0.12.4
Hash: 813a6280042ee82fa529833489333322

Package: glue
Source: CRAN
Version: 1.3.0
Hash: 1fbde6dec830370be696eee8ef31c9e4

Package: gmodels
Source: CRAN
Version: 2.18.1
Hash: d69b47c75f87ca284e0c722feb587a86
Requires: MASS, gdata

Package: graph
Source: Bioconductor
Version: 1.60.0
Hash: 0d5f3295e210707a11441c5b29548461
Requires: BiocGenerics

Package: gridExtra
Source: CRAN
Version: 2.3
Hash: fa977bc1aab5588a08123b10ceb1ad3d
Requires: gtable

Package: gstat
Source: CRAN
Version: 1.1-6
Hash: ce7c61250ba98f6ea45a56a002c41d7f
Requires: FNN, lattice, sp, spacetime, zoo

Package: gtable
Source: CRAN
Version: 0.2.0
Hash: cd78381a9d3fea966ac39bd0daaf5554

Package: gtools
Source: CRAN
Version: 3.8.1
Hash: 6cb09dd6faf3aeac5c5acae55bfa6495

Package: haven
Source: CRAN
Version: 2.1.0
Hash: 59e7a7f8304285e0e9f9691b34a82a33
Requires: Rcpp, forcats, hms, readr, tibble

Package: here
Source: CRAN
Version: 0.1
Hash: 90e1a97508a0d7383b0eeb11e397e763
Requires: rprojroot

Package: hexbin
Source: CRAN
Version: 1.27.2
Hash: db6c71309772ea1f664081576e5b943d
Requires: lattice

Package: highr
Source: CRAN
Version: 0.7
Hash: 20757f5c393ed0ecf96c9e8e6d8d514c

Package: hms
Source: CRAN
Version: 0.4.2
Hash: b4096a4f6a6736138e9a825c2baaacf0
Requires: pkgconfig, rlang

Package: hrbrthemes
Source: CRAN
Version: 0.6.0
Hash: 37444e384a5d3aba332ba2acf36ef6ab
Requires: extrafont, gdtools, ggplot2, htmltools, knitr, magrittr,
    rmarkdown, scales

Package: htmlTable
Source: CRAN
Version: 1.12
Hash: 53573f51af4debc4c1ce7ae361d69777
Requires: checkmate, htmltools, htmlwidgets, knitr, magrittr,
    rstudioapi, stringr

Package: htmltools
Source: CRAN
Version: 0.3.6
Hash: 9707abea0a9b7406e98fb1242e97e1f6
Requires: Rcpp, digest

Package: htmlwidgets
Source: CRAN
Version: 1.3
Hash: 17a2248b5e40383a1cb1a4e4cb5f9c7a
Requires: htmltools, jsonlite, yaml

Package: httpuv
Source: CRAN
Version: 1.4.5
Hash: 8e1e3a5e7a414881c44a9059248eeb7d
Requires: BH, Rcpp, later, promises

Package: httr
Source: CRAN
Version: 1.3.1
Hash: 2d32e01e53d532c812052e27a1021441
Requires: R6, curl, jsonlite, mime, openssl

Package: igraph
Source: CRAN
Version: 1.2.2
Hash: 1e95612a0034372c6a387fbeff90992f
Requires: Matrix, magrittr, pkgconfig

Package: infuser
Source: CRAN
Version: 0.2.8
Hash: df5c08bb523d1dd84b7bac07e1247aee

Package: ini
Source: CRAN
Version: 0.3.1
Hash: 9d6de5178c1cedabfb24e7d2acc9a092

Package: inserttable
Source: github
Version: 0.0.4
Hash: 2b1938f4cd72a32f231d6546a350b898
Requires: anytime, assertthat, datapasta, miniUI, rhandsontable,
    rstudioapi, shiny, tibble
GithubRepo: insert_table
GithubUsername: lbusett
GithubRef: master
GithubSha1: 2be448210a75cef4cac3b5d8f4a902ac99add1c6
RemoteHost: api.github.com
RemoteRepo: insert_table
RemoteUsername: lbusett
RemoteRef: master
RemoteSha: 2be448210a75cef4cac3b5d8f4a902ac99add1c6

Package: intervals
Source: CRAN
Version: 0.15.1
Hash: 26e23563c50548f8588a112a4baaa297

Package: jpeg
Source: CRAN
Version: 0.1-8
Hash: 189af3df9864c6aa8546033f08ba9358

Package: jsonlite
Source: CRAN
Version: 1.5
Hash: 9c51936d8dd00b2f1d4fe9d10499694c

Package: kableExtra
Source: CRAN
Version: 1.1.0
Hash: 653aaaf9b80417823e9c8a5c39fe7134
Requires: digest, glue, htmltools, knitr, magrittr, readr, rmarkdown,
    rstudioapi, rvest, scales, stringr, viridisLite, webshot, xml2

Package: kknn
Source: CRAN
Version: 1.3.1
Hash: 240daf43a5e88b2f66b4f25696163387
Requires: Matrix, igraph

Package: knitr
Source: CRAN
Version: 1.23
Hash: 97e380b89b7561ff23821e60296b394c
Requires: evaluate, highr, markdown, stringr, xfun, yaml

Package: labeling
Source: CRAN
Version: 0.3
Hash: ecf589b42cd284b03a4beb9665482d3e

Package: lambda.r
Source: CRAN
Version: 1.2.3
Hash: 591b7c11ad3de8d21712119d8efd7607
Requires: formatR

Package: later
Source: CRAN
Version: 0.7.5
Hash: 46d61526aa5163d70905211e0f1b5639
Requires: BH, Rcpp, rlang

Package: lattice
Source: CRAN
Version: 0.20-35
Hash: 4cf72973da5480d40d5ee94d93eebb9c

Package: latticeExtra
Source: CRAN
Version: 0.6-28
Hash: efdf3a10a129129f7b8f4ae5a0d7ec3d
Requires: RColorBrewer, lattice

Package: lazyeval
Source: CRAN
Version: 0.2.1
Hash: 88926ad9c43581fd0822a37c8ed09f05

Package: leaflet
Source: CRAN
Version: 2.0.2
Hash: da55402e4875c0253df918df0e97d4c4
Requires: RColorBrewer, base64enc, crosstalk, htmltools, htmlwidgets,
    magrittr, markdown, png, raster, scales, sp, viridis

Package: lhs
Source: CRAN
Version: 0.16
Hash: 17cc12c8c22be5754e236857a2db9625

Package: listenv
Source: CRAN
Version: 0.7.0
Hash: f5e0d09f4e42d749ae0f893cff1817b6

Package: lubridate
Source: CRAN
Version: 1.7.4
Hash: a7c783782f0e50be33b31f859c11333e
Requires: Rcpp, stringr

Package: lwgeom
Source: CRAN
Version: 0.1-6
Hash: 8e9ac5801d7dd8432f4510e3e4454ea1
Requires: Rcpp, sf, units

Package: magick
Source: CRAN
Version: 2.0
Hash: 66b740385f59ab5c8803d10d970eb38c
Requires: Rcpp, curl, magrittr

Package: magrittr
Source: CRAN
Version: 1.5
Hash: bdc4d48c3135e8f3b399536ddf160df4

Package: maptools
Source: CRAN
Version: 0.9-2
Hash: 2dfbad6ef57f83a91e4e9d4ccc0807cd
Requires: foreign, lattice, sp

Package: mapview
Source: CRAN
Version: 2.6.3
Hash: 0b79ba784caed2e85e1d487c905788bb
Requires: Rcpp, base64enc, brew, htmltools, htmlwidgets, lattice,
    leaflet, png, raster, satellite, scales, sf, sp, svglite, uuid,
    viridisLite, webshot

Package: markdown
Source: CRAN
Version: 0.8
Hash: 045d7c594d503b41f1c28946d076c8aa
Requires: mime

Package: mco
Source: CRAN
Version: 1.0-15.1
Hash: 7f2a170be01aa7fe96990afd8bbedfc5

Package: memoise
Source: CRAN
Version: 1.1.0
Hash: 410fcd334bc626db100237cc1370f2e9
Requires: digest

Package: memuse
Source: CRAN
Version: 4.0-0
Hash: 947f2cf13924bc28e7ae0effd13e9216

Package: mgcv
Source: CRAN
Version: 1.8-24
Hash: a56dfc15ea064de70627f483af3bfa6f
Requires: Matrix, nlme

Package: mime
Source: CRAN
Version: 0.5
Hash: 463550cf44fb6f0a2359368f42eebe62

Package: miniUI
Source: CRAN
Version: 0.1.1.1
Hash: c7e3ea486421c2fa5b03bb7fcd0415f6
Requires: htmltools, shiny

Package: misc3d
Source: CRAN
Version: 0.8-4
Hash: 44836021ee460c4176d6e070e931f488

Package: mlr
Source: github
Version: 2.13.9000
Hash: 115faae278728b5663791562161b3230
Requires: BBmisc, ParamHelpers, XML, backports, checkmate, data.table,
    ggplot2, parallelMap, stringi
GithubRepo: mlr
GithubUsername: mlr-org
GithubRef: fix-bmr-print
GithubSha1: f6d9d9433e14a9aaeb8cdd5cfeac3f80e25ba1b6
RemoteHost: api.github.com
RemoteRepo: mlr
RemoteUsername: mlr-org
RemoteRef: fix-bmr-print
RemoteSha: f6d9d9433e14a9aaeb8cdd5cfeac3f80e25ba1b6

Package: mlrMBO
Source: CRAN
Version: 1.1.2
Hash: b4eab85d3bc2078ebf0826333e4d3c57
Requires: BBmisc, ParamHelpers, backports, checkmate, data.table, lhs,
    mlr, parallelMap, smoof

Package: mockery
Source: CRAN
Version: 0.4.1.1
Hash: a74c2d2625124f15c2269fe3fcd176dd
Requires: testthat

Package: munsell
Source: CRAN
Version: 0.5.0
Hash: 38d0efee9bb99bef143bde41c4ce715c
Requires: colorspace

Package: namer
Source: github
Version: 0.1.3
Hash: aff890c2883bf4fbb6d403a387bddb2d
Requires: dplyr, fs, glue, magrittr, purrr, rstudioapi, tibble
GithubRepo: namer
GithubUsername: lockedata
GithubRef: master
GithubSha1: 461c6651e51ade0d96b1663c6603261e672b64d6
RemoteHost: api.github.com
RemoteRepo: namer
RemoteUsername: lockedata
RemoteRef: master
RemoteSha: 461c6651e51ade0d96b1663c6603261e672b64d6

Package: narray
Source: CRAN
Version: 0.4.1
Hash: dc6cb7b0a954231466cb5454b2b2232b
Requires: progress, stringr

Package: needs
Source: CRAN
Version: 0.0.3
Hash: 0ac67536eedf946d041860e02d7246c8

Package: nlme
Source: CRAN
Version: 3.1-137
Hash: 6166071071587a867cbe534e84fc5c0c
Requires: lattice

Package: openssl
Source: CRAN
Version: 1.1
Hash: 82c893294829c4badc3d4133b66d1428

Package: openxlsx
Source: CRAN
Version: 4.1.0
Hash: 84d09647d3f99cc47baaf97d401d7b2f
Requires: Rcpp, zip

Package: packrat
Source: github
Version: 0.5.0-5
Hash: 2a2ec7e0a215de065709e1cddccc348a
GithubRepo: packrat
GithubUsername: rstudio
GithubRef: master
GithubSha1: 9dee5d88ee41e82382af5acea14107f4eeb8d283
RemoteHost: api.github.com
RemoteRepo: packrat
RemoteUsername: rstudio
RemoteRef: master
RemoteSha: 9dee5d88ee41e82382af5acea14107f4eeb8d283

Package: pacman
Source: CRAN
Version: 0.5.0
Hash: c05b1da1943bdd4a7b255df08d0a5e3f
Requires: remotes

Package: parallelMap
Source: CRAN
Version: 1.3
Hash: 49b6383931235377dd4dce981299fff2
Requires: BBmisc, checkmate

Package: pgirmess
Source: CRAN
Version: 1.6.9
Hash: 72ce899356d84b2e9b7646915ecf9fd0
Requires: boot, maptools, rgdal, rgeos, sp, spdep, splancs

Package: pillar
Source: CRAN
Version: 1.3.1
Hash: 9ed4c2a5d3047bfba3e852ad5e806d91
Requires: cli, crayon, fansi, rlang, utf8

Package: pixmap
Source: CRAN
Version: 0.4-11
Hash: 7fb7f9a871c381ec3a5b5799b4453faf

Package: pkgbuild
Source: CRAN
Version: 1.0.2
Hash: 770e918f4c389e4fef9a891d043bf84f
Requires: R6, callr, cli, crayon, desc, prettyunits, rprojroot, withr

Package: pkgconfig
Source: CRAN
Version: 2.0.2
Hash: b0fd6ed908e150b77e5f00c6478bd58c

Package: pkgload
Source: CRAN
Version: 1.0.2
Hash: 41eb2db35be61f6f9e8864cf87a1ecb0
Requires: desc, pkgbuild, rlang, rprojroot, rstudioapi, withr

Package: plogr
Source: CRAN
Version: 0.2.0
Hash: 81a8008a5e7858552503935f1abe48aa

Package: plot3D
Source: CRAN
Version: 1.1.1
Hash: 3d5dee438be3fc8bb1c8c14ae41be8a7
Requires: misc3d

Package: plotKML
Source: CRAN
Version: 0.5-9
Hash: 47f217f43539a015d5ae481208a2fe77
Requires: RColorBrewer, RSAGA, XML, aqp, classInt, colorRamps,
    colorspace, dismo, gstat, pixmap, plotrix, plyr, raster, rgdal,
    scales, sp, spacetime, stringr, zoo

Package: plotly
Source: CRAN
Version: 4.8.0
Hash: 539126bf8ab38483d27005b4533f3ebe
Requires: RColorBrewer, base64enc, crosstalk, data.table, digest,
    dplyr, ggplot2, hexbin, htmltools, htmlwidgets, httr, jsonlite,
    lazyeval, magrittr, promises, purrr, rlang, scales, tibble, tidyr,
    viridisLite

Package: plotrix
Source: CRAN
Version: 3.7-4
Hash: f6b317be08f277a626884a41abc31798

Package: plyr
Source: CRAN
Version: 1.8.4
Hash: ec185c885aab7ec91693d78c20cb5d1a
Requires: Rcpp

Package: png
Source: CRAN
Version: 0.1-7
Hash: 421d7d6e0fb4bd885ecbd909b6456b8b

Package: polynom
Source: CRAN
Version: 1.3-9
Hash: b9cf935db3bd5cd4cc9799eba7c58b49

Package: praise
Source: CRAN
Version: 1.0.0
Hash: 77da8f1df873a4b91e5c4a68fe2fb1b6

Package: prettymapr
Source: CRAN
Version: 0.2.2
Hash: 6a0e705e9dbc394b4f892934d3d6266d
Requires: digest, httr, plyr, rjson

Package: prettyunits
Source: CRAN
Version: 1.0.2
Hash: 49286102a855640daaa38eafe8b1ec30
Requires: assertthat, magrittr

Package: processx
Source: CRAN
Version: 3.2.1
Hash: fdc6a66626b75f96ee28ffc770d9ebd7
Requires: R6, ps

Package: progress
Source: CRAN
Version: 1.2.0
Hash: 0ff5f631b66daf57857f28062f3e6f30
Requires: R6, crayon, hms, prettyunits

Package: promises
Source: CRAN
Version: 1.0.1
Hash: f96ac20f3961868f8d6ec63a3bf3566f
Requires: R6, Rcpp, later, magrittr, rlang

Package: prompt
Source: github
Version: 1.0.0
Hash: f1dc760bf476b43619bc85824ecbca84
Requires: clisymbols, crayon
GithubRepo: prompt
GithubUsername: gaborcsardi
GithubRef: master
GithubSha1: c4e1939e709f120d37dd80b0dd9aa4a5d7349ba7

Package: ps
Source: CRAN
Version: 1.2.1
Hash: b097c81e3297cd69b82aed831e3d6976

Package: purrr
Source: CRAN
Version: 0.2.5
Hash: 8b0c16db10c7e20b70cd37779a673a8b
Requires: magrittr, rlang, tibble

Package: randomForest
Source: CRAN
Version: 4.6-14
Hash: e906cd13baafae063318f46d86c1d26d

Package: ranger
Source: CRAN
Version: 0.11.1
Hash: ef007dd7f4fc2615a969f868abfb10ed
Requires: Matrix, Rcpp, RcppEigen

Package: rappdirs
Source: CRAN
Version: 0.3.1
Hash: 7340cfebc77ad7b107a549a8635e64dd

Package: raster
Source: CRAN
Version: 2.8-19
Hash: 33d7bac6425400dd23597f866a01f25e
Requires: Rcpp, sp

Package: rasterVis
Source: CRAN
Version: 0.45
Hash: 6966d35237fc0c4e6b00ccac6aecbea8
Requires: RColorBrewer, hexbin, lattice, latticeExtra, raster, sp,
    viridisLite, zoo

Package: rcmdcheck
Source: CRAN
Version: 1.3.2
Hash: 162a63e909423b7c5f44c30711135481
Requires: R6, callr, cli, crayon, desc, digest, pkgbuild, prettyunits,
    rprojroot, sessioninfo, withr, xopen

Package: readr
Source: CRAN
Version: 1.3.1
Hash: ed1b5520a0df4007bc971658ee543b00
Requires: BH, R6, Rcpp, clipr, crayon, hms, tibble

Package: readxl
Source: CRAN
Version: 1.3.0
Hash: dbc35779c08162b2d7821e83146501cb
Requires: Rcpp, cellranger, progress, tibble

Package: rematch
Source: CRAN
Version: 1.0.1
Hash: ad4faf59e7611117ff165817074c50c7

Package: rematch2
Source: CRAN
Version: 2.0.1
Hash: b7f86a340a404c69cfb770dfd2081dd9
Requires: tibble

Package: remotes
Source: CRAN
Version: 2.0.2
Hash: cfcf5e119ed5e6af4b47530ba59101f3

Package: reporttools
Source: CRAN
Version: 1.1.2
Hash: aba9a8c83cccd82d383b67c45108411f
Requires: xtable

Package: reprex
Source: CRAN
Version: 0.2.1
Hash: b30c7fbcb528a71d7ffcd07c9982589d
Requires: callr, clipr, fs, rlang, rmarkdown, whisker, withr

Package: reshape
Source: CRAN
Version: 0.8.8
Hash: 77b6a96819c0a99bbfc141526b60ce5a
Requires: plyr

Package: reshape2
Source: CRAN
Version: 1.4.3
Hash: c950c8ac85b81209635acb3ce21b4cce
Requires: Rcpp, plyr, stringr

Package: rgdal
Source: CRAN
Version: 1.4-3
Hash: 2d43c14023befdba0d0913dcef1b6be4
Requires: sp

Package: rgenoud
Source: CRAN
Version: 5.8-3.0
Hash: 65ec940eee00fff2c7dbb4d82b52a28e

Package: rgeos
Source: CRAN
Version: 0.3-28
Hash: eda0c83906dafebbbbc02b2c9898f6cb
Requires: sp

Package: rhandsontable
Source: CRAN
Version: 0.3.7
Hash: 684b6e2edd72ff7ed37b8ba1461b44b5
Requires: htmlwidgets, jsonlite, magrittr

Package: rio
Source: CRAN
Version: 0.5.16
Hash: 2f4c960bbac0fc50cf19f5aebf42d82c
Requires: curl, data.table, foreign, haven, openxlsx, readxl, tibble

Package: rjson
Source: CRAN
Version: 0.2.20
Hash: 44ee331003bf03b92e97b3089461dd2f

Package: rlang
Source: CRAN
Version: 0.3.1
Hash: 1176a91e0c23d4fc8f48bc5704a6f826

Package: rmarkdown
Source: CRAN
Version: 1.12
Hash: 241424e590a32decf6e9f0cd32a5760b
Requires: base64enc, evaluate, htmltools, jsonlite, knitr, mime,
    stringr, tinytex, yaml

Package: rosm
Source: CRAN
Version: 0.2.2
Hash: 00141c86d21010d00f40a54b8832c763
Requires: abind, curl, jpeg, plyr, png, prettymapr, rgdal, rjson, sp

Package: roxygen2
Source: CRAN
Version: 6.1.1
Hash: 8d50e18cdfe6805761db35b027b254eb
Requires: R6, Rcpp, brew, commonmark, desc, digest, pkgload, purrr,
    stringi, stringr, xml2

Package: rprojroot
Source: CRAN
Version: 1.3-2
Hash: a25c3f70c166fb3fbabc410eb32b6366
Requires: backports

Package: rstudioapi
Source: CRAN
Version: 0.10
Hash: 63f43c6ff14d92e1d65ca6c21d45a1eb

Package: rvest
Source: CRAN
Version: 0.3.2
Hash: c69f7526520bad66fd2111ebe8b1364b
Requires: httr, magrittr, selectr, xml2

Package: rzmq
Source: CRAN
Version: 0.9.4
Hash: fce6970d219503c05c87ed548cde0346

Package: satellite
Source: CRAN
Version: 1.0.1
Hash: 1056618f3867353dbcdb959e28ee324c
Requires: Rcpp, plyr, raster

Package: scales
Source: CRAN
Version: 1.0.0
Hash: 7d9b717abcec656ae7c5c982d72b75e5
Requires: R6, RColorBrewer, Rcpp, labeling, munsell, viridisLite

Package: selectr
Source: CRAN
Version: 0.4-1
Hash: b12802c11e35dec9d16a74d30ed0f3ed
Requires: R6, stringr

Package: semver
Source: CRAN
Version: 0.2.0
Hash: 78f5594108f7aeedbd34527dcebb39a2
Requires: Rcpp, assertthat

Package: sessioninfo
Source: CRAN
Version: 1.1.1
Hash: 9e50c8458e611f166ba702277cbb5096
Requires: cli, withr

Package: sf
Source: CRAN
Version: 0.7-4
Hash: 30b78ce0d688b9a080a3a51d1fbbdd70
Requires: DBI, Rcpp, classInt, magrittr, units

Package: shapefiles
Source: CRAN
Version: 0.7
Hash: 57446037bb54a510f1d51d6675eb60ef
Requires: foreign

Package: shiny
Source: CRAN
Version: 1.2.0
Hash: 6853126283ff0572d9f370a1520ac831
Requires: R6, crayon, digest, htmltools, httpuv, jsonlite, later, mime,
    promises, rlang, sourcetools, xtable

Package: shinyjs
Source: CRAN
Version: 1.0
Hash: ea95f751025e50227a96100be35e970b
Requires: digest, htmltools, jsonlite, shiny

Package: smoof
Source: CRAN
Version: 1.5.1
Hash: 0ff38871d579eaeb76900151a0fbd412
Requires: BBmisc, ParamHelpers, RColorBrewer, RJSONIO, Rcpp,
    RcppArmadillo, checkmate, ggplot2, mco, plot3D, plotly

Package: sourcetools
Source: CRAN
Version: 0.1.7
Hash: d093478ac90064e670cd4bf1a99b47b6

Package: sp
Source: CRAN
Version: 1.3-1
Hash: 01decf1327caff54d7822434d07fa959
Requires: lattice

Package: spData
Source: CRAN
Version: 0.2.9.0
Hash: 1ff021793ae196b52070c676b02219a5

Package: spacetime
Source: CRAN
Version: 1.2-2
Hash: f4041341e1db8b4c1a8a0a04ae4996c1
Requires: intervals, lattice, sp, xts, zoo

Package: spdep
Source: CRAN
Version: 0.7-7
Hash: c5b7dbad0f27af17225aa65560bf677e
Requires: LearnBayes, MASS, Matrix, boot, coda, deldir, expm, gmodels,
    nlme, sp, spData

Package: splancs
Source: CRAN
Version: 2.01-40
Hash: 252ede516ce59a289388b5ef28ba91b4
Requires: sp

Package: startup
Source: CRAN
Version: 0.11.0
Hash: 902646919bff5d4f23c28599f0c123c8

Package: stevedore
Source: github
Version: 0.9.0
Hash: e117566caf050aa98c3121238c98dcb2
Requires: crayon, curl, jsonlite, yaml
GithubRepo: stevedore
GithubUsername: richfitz
GithubRef: master
GithubSha1: c9531428df052eaf8185d9235f2f8db5b2a6008a

Package: storr
Source: CRAN
Version: 1.2.1
Hash: 76ffa40827f4102989daa97896baf696
Requires: R6, digest

Package: stringi
Source: CRAN
Version: 1.2.4
Hash: 03ab60ef7fa4627b38ad67c95ce6b04c

Package: stringr
Source: CRAN
Version: 1.3.1
Hash: 9f417a1d899ed1f080942ab36998e8b5
Requires: glue, magrittr, stringi

Package: styler
Source: CRAN
Version: 1.1.0
Hash: 0828b22addbbcd56df571ba3ff114e7a
Requires: backports, cli, magrittr, purrr, rematch2, rlang, rprojroot,
    tibble, withr, xfun

Package: svglite
Source: CRAN
Version: 1.2.1
Hash: 0355a5b19c891c2c6a813867638d4169
Requires: BH, Rcpp, gdtools

Package: sys
Source: CRAN
Version: 3.1
Hash: dc2a997b1b9a2d3f9c234491153cb951

Package: sysreqs
Source: github
Version: 1.0.0.9000
Hash: 97c0ae81c8dcf0dbb3fbef295f224618
Requires: debugme, desc
GithubRepo: sysreqs
GithubUsername: r-hub
GithubRef: master
GithubSha1: 7bdd9f3717e1f3eae32ca62e82d404ba600b94b3

Package: testthat
Source: CRAN
Version: 2.0.1
Hash: 777eb6e94f5a62bf6320fecf0175bbbb
Requires: R6, cli, crayon, digest, magrittr, praise, rlang, withr

Package: tibble
Source: CRAN
Version: 2.0.1
Hash: d2a00b9a314cfad8f6b51e2c97aaff5c
Requires: cli, crayon, fansi, pillar, pkgconfig, rlang

Package: tic
Source: github
Version: 0.2.13.9010
Hash: 07810f0b0db14d6a2356e195c36d535e
Requires: R6, backports, crayon, magrittr, memoise, withr
GithubRepo: tic
GithubUsername: ropenscilabs
GithubRef: master
GithubSha1: 86a2102aabfd0c765b19a61f3b0e251c6962658f
RemoteHost: api.github.com
RemoteRepo: tic
RemoteUsername: ropenscilabs
RemoteRef: master
RemoteSha: 86a2102aabfd0c765b19a61f3b0e251c6962658f

Package: tidyr
Source: CRAN
Version: 0.8.2
Hash: 9ff92b9b3c11dfcd94d179b75b85c668
Requires: Rcpp, dplyr, glue, magrittr, purrr, rlang, stringi, tibble,
    tidyselect

Package: tidyselect
Source: CRAN
Version: 0.2.5
Hash: fad1cf10c5c4996fca6ca68e0716d2e6
Requires: Rcpp, glue, purrr, rlang

Package: tinytex
Source: CRAN
Version: 0.13
Hash: 02daeb43f4d59934cf66533c3e2993f6
Requires: xfun

Package: travis
Source: github
Version: 0.2.11.9000
Hash: 4d19adb75fbf605243773524df97444e
Requires: clipr, git2r, glue, httr, memoise, openssl, withr
GithubRepo: travis
GithubUsername: ropenscilabs
GithubRef: master
GithubSha1: 6719bd06e2153b3ef348c4f977e53dcdef774697
RemoteHost: api.github.com
RemoteRepo: travis
RemoteUsername: ropenscilabs
RemoteRef: master
RemoteSha: 6719bd06e2153b3ef348c4f977e53dcdef774697

Package: txtq
Source: CRAN
Version: 0.2.0
Hash: cb72ff6101b4eced6a6f317412b57766
Requires: R6, base64url, filelock

Package: units
Source: CRAN
Version: 0.6-2
Hash: 4f5eba8e3750df4f2e8b6236a1ace19d
Requires: Rcpp

Package: usethis
Source: CRAN
Version: 1.4.0
Hash: bdf0ce7802818c5dfc592dd73d62db5b
Requires: clipr, clisymbols, crayon, curl, desc, fs, gh, git2r, glue,
    rlang, rprojroot, rstudioapi, whisker

Package: utf8
Source: CRAN
Version: 1.1.4
Hash: f3f97ce59092abc8ed3fd098a59e236c

Package: uuid
Source: CRAN
Version: 0.1-2
Hash: 69acbbcf4dcff3a258f94de540214001

Package: versions
Source: CRAN
Version: 0.3
Hash: 9eda510c038a687058fdc9b273e7d257

Package: viridis
Source: CRAN
Version: 0.5.1
Hash: 39edaec2078b4fc928afb73cc1ce6625
Requires: ggplot2, gridExtra, viridisLite

Package: viridisLite
Source: CRAN
Version: 0.3.0
Hash: 78bb072c4f9e729a283d4c40ec93f9c6

Package: visNetwork
Source: CRAN
Version: 2.0.5
Hash: 30ff6dc4fd15cd5c4ee60c0a8ab9e4e8
Requires: htmltools, htmlwidgets, jsonlite, magrittr

Package: webshot
Source: CRAN
Version: 0.5.1
Hash: c95b36acba37ea1d6cd6e1c6fe2c2ecc
Requires: callr, jsonlite, magrittr

Package: whisker
Source: CRAN
Version: 0.3-2
Hash: 803d662762e532705c2c066a82d066e7

Package: withr
Source: CRAN
Version: 2.1.2
Hash: d534108bcd5f34ec73e9eb523751ba20

Package: workflowr
Source: CRAN
Version: 1.3.0
Hash: 4745774f7be3277b65e74f0473d71927
Requires: callr, fs, getPass, git2r, glue, knitr, rmarkdown, rprojroot,
    rstudioapi, stringr, whisker, yaml

Package: xfun
Source: CRAN
Version: 0.7
Hash: f615e6607b290cfbc05bbda2a9e201b7

Package: xgboost
Source: CRAN
Version: 0.82.1
Hash: dffad0eda02661c18c96aa0420da04d3
Requires: Matrix, data.table, magrittr, stringi

Package: xml2
Source: CRAN
Version: 1.2.0
Hash: 3f00e5347a6d7ccad2237fe1bc1df6d0
Requires: Rcpp

Package: xopen
Source: CRAN
Version: 1.0.0
Hash: 22c2708f177f9fd9f8a52012bac61d6a
Requires: processx

Package: xtable
Source: CRAN
Version: 1.8-3
Hash: 91199102994584c5f0e8cbba5582ecc4

Package: xts
Source: CRAN
Version: 0.11-0
Hash: 2d555d97d086f6f296f0eb70c917d94f
Requires: zoo

Package: yaml
Source: CRAN
Version: 2.2.0
Hash: a5ad5616d83d89f8d84cbf3cf4034e13

Package: zip
Source: CRAN
Version: 2.0.0
Hash: 5774d175b1448416bebf9a38639bd7fd

Package: zoo
Source: CRAN
Version: 1.8-3
Hash: 4bce098336ac3f580cd4d2f250f415ad
Requires: lattice
